
Microsoft Visual Studio Solution File, Format Version 12.00
# Visual Studio Version 16
VisualStudioVersion = 16.0.30907.101
MinimumVisualStudioVersion = 10.0.40219.1
Project("{8BC9CEB8-8B4A-11D0-8D11-00A0C91BC942}") = "Lab 9", "Lab 9.vcxproj", "{02EAD296-097C-490D-84B8-75C231A52BDD}"
EndProject
Global
	GlobalSection(SolutionConfigurationPlatforms) = preSolution
		Debug|x64 = Debug|x64
		Debug|x86 = Debug|x86
		Release|x64 = Release|x64
		Release|x86 = Release|x86
	EndGlobalSection
	GlobalSection(ProjectConfigurationPlatforms) = postSolution
		{02EAD296-097C-490D-84B8-75C231A52BDD}.Debug|x64.ActiveCfg = Debug|x64
		{02EAD296-097C-490D-84B8-75C231A52BDD}.Debug|x64.Build.0 = Debug|x64
		{02EAD296-097C-490D-84B8-75C231A52BDD}.Debug|x86.ActiveCfg = Debug|Win32
		{02EAD296-097C-490D-84B8-75C231A52BDD}.Debug|x86.Build.0 = Debug|Win32
		{02EAD296-097C-490D-84B8-75C231A52BDD}.Release|x64.ActiveCfg = Release|x64
		{02EAD296-097C-490D-84B8-75C231A52BDD}.Release|x64.Build.0 = Release|x64
		{02EAD296-097C-490D-84B8-75C231A52BDD}.Release|x86.ActiveCfg = Release|Win32
		{02EAD296-097C-490D-84B8-75C231A52BDD}.Release|x86.Build.0 = Release|Win32
	EndGlobalSection
	GlobalSection(SolutionProperties) = preSolution
		HideSolutionNode = FALSE
	EndGlobalSection
	GlobalSection(ExtensibilityGlobals) = postSolution
		SolutionGuid = {35FA85B8-93F7-4305-A5E6-CDA450FC2DC9}
	EndGlobalSection
EndGlobal
