
Microsoft Visual Studio Solution File, Format Version 12.00
# Visual Studio Version 16
VisualStudioVersion = 16.0.30907.101
MinimumVisualStudioVersion = 10.0.40219.1
Project("{8BC9CEB8-8B4A-11D0-8D11-00A0C91BC942}") = "lab 17", "lab 17.vcxproj", "{C31FAE6A-0435-4842-BD89-E19361E48D14}"
EndProject
Global
	GlobalSection(SolutionConfigurationPlatforms) = preSolution
		Debug|x64 = Debug|x64
		Debug|x86 = Debug|x86
		Release|x64 = Release|x64
		Release|x86 = Release|x86
	EndGlobalSection
	GlobalSection(ProjectConfigurationPlatforms) = postSolution
		{C31FAE6A-0435-4842-BD89-E19361E48D14}.Debug|x64.ActiveCfg = Debug|x64
		{C31FAE6A-0435-4842-BD89-E19361E48D14}.Debug|x64.Build.0 = Debug|x64
		{C31FAE6A-0435-4842-BD89-E19361E48D14}.Debug|x86.ActiveCfg = Debug|Win32
		{C31FAE6A-0435-4842-BD89-E19361E48D14}.Debug|x86.Build.0 = Debug|Win32
		{C31FAE6A-0435-4842-BD89-E19361E48D14}.Release|x64.ActiveCfg = Release|x64
		{C31FAE6A-0435-4842-BD89-E19361E48D14}.Release|x64.Build.0 = Release|x64
		{C31FAE6A-0435-4842-BD89-E19361E48D14}.Release|x86.ActiveCfg = Release|Win32
		{C31FAE6A-0435-4842-BD89-E19361E48D14}.Release|x86.Build.0 = Release|Win32
	EndGlobalSection
	GlobalSection(SolutionProperties) = preSolution
		HideSolutionNode = FALSE
	EndGlobalSection
	GlobalSection(ExtensibilityGlobals) = postSolution
		SolutionGuid = {3EB004D0-42D4-42C2-963E-7D21068ACE90}
	EndGlobalSection
EndGlobal
